
Microsoft Visual Studio Solution File, Format Version 12.00
# Visual Studio Version 17
VisualStudioVersion = 17.5.33516.290
MinimumVisualStudioVersion = 10.0.40219.1
Project("{9A19103F-16F7-4668-BE54-9A1E7A4F7556}") = "Jt.Common.Tool.Excel", "Jt.Common.Tool.Excel\Jt.Common.Tool.Excel.csproj", "{724D318C-DA66-41BB-B580-6A9D6508FC50}"
EndProject
Project("{FAE04EC0-301F-11D3-BF4B-00C04F79EFBC}") = "Jt.Common.Tool.Excel.Test", "Jt.Common.Tool.Excel.Test\Jt.Common.Tool.Excel.Test.csproj", "{95FF05BB-A207-4146-85EE-8759B4220245}"
EndProject
Global
	GlobalSection(SolutionConfigurationPlatforms) = preSolution
		Debug|Any CPU = Debug|Any CPU
		Release|Any CPU = Release|Any CPU
	EndGlobalSection
	GlobalSection(ProjectConfigurationPlatforms) = postSolution
		{724D318C-DA66-41BB-B580-6A9D6508FC50}.Debug|Any CPU.ActiveCfg = Debug|Any CPU
		{724D318C-DA66-41BB-B580-6A9D6508FC50}.Debug|Any CPU.Build.0 = Debug|Any CPU
		{724D318C-DA66-41BB-B580-6A9D6508FC50}.Release|Any CPU.ActiveCfg = Release|Any CPU
		{724D318C-DA66-41BB-B580-6A9D6508FC50}.Release|Any CPU.Build.0 = Release|Any CPU
		{95FF05BB-A207-4146-85EE-8759B4220245}.Debug|Any CPU.ActiveCfg = Debug|Any CPU
		{95FF05BB-A207-4146-85EE-8759B4220245}.Debug|Any CPU.Build.0 = Debug|Any CPU
		{95FF05BB-A207-4146-85EE-8759B4220245}.Release|Any CPU.ActiveCfg = Release|Any CPU
		{95FF05BB-A207-4146-85EE-8759B4220245}.Release|Any CPU.Build.0 = Release|Any CPU
	EndGlobalSection
	GlobalSection(SolutionProperties) = preSolution
		HideSolutionNode = FALSE
	EndGlobalSection
	GlobalSection(ExtensibilityGlobals) = postSolution
		SolutionGuid = {CDC1065A-5982-4CED-A0FF-7F7CFACEAF00}
	EndGlobalSection
EndGlobal
